// !$*UTF8*$!
{
	archiveVersion = 1;
	classes = {
	};
	objectVersion = 46;
	objects = {

/* Begin PBXBuildFile section */
		24F92DEAA03B985F0578B079 /* libPods-Moon.a in Frameworks */ = {isa = PBXBuildFile; fileRef = F1D68C67F9286D95B824C148 /* libPods-Moon.a */; };
		9B9D16FD1E642E19003DBF87 /* main.m in Sources */ = {isa = PBXBuildFile; fileRef = 9B9D16FC1E642E19003DBF87 /* main.m */; };
		9B9D17001E642E19003DBF87 /* AppDelegate.m in Sources */ = {isa = PBXBuildFile; fileRef = 9B9D16FF1E642E19003DBF87 /* AppDelegate.m */; };
		9B9D17031E642E19003DBF87 /* ViewController.m in Sources */ = {isa = PBXBuildFile; fileRef = 9B9D17021E642E19003DBF87 /* ViewController.m */; };
		9B9D17081E642E19003DBF87 /* Assets.xcassets in Resources */ = {isa = PBXBuildFile; fileRef = 9B9D17071E642E19003DBF87 /* Assets.xcassets */; };
		9B9D170B1E642E19003DBF87 /* LaunchScreen.storyboard in Resources */ = {isa = PBXBuildFile; fileRef = 9B9D17091E642E19003DBF87 /* LaunchScreen.storyboard */; };
/* End PBXBuildFile section */

/* Begin PBXFileReference section */
		9B9D16F81E642E19003DBF87 /* Moon.app */ = {isa = PBXFileReference; explicitFileType = wrapper.application; includeInIndex = 0; path = Moon.app; sourceTree = BUILT_PRODUCTS_DIR; };
		9B9D16FC1E642E19003DBF87 /* main.m */ = {isa = PBXFileReference; lastKnownFileType = sourcecode.c.objc; path = main.m; sourceTree = "<group>"; };
		9B9D16FE1E642E19003DBF87 /* AppDelegate.h */ = {isa = PBXFileReference; lastKnownFileType = sourcecode.c.h; path = AppDelegate.h; sourceTree = "<group>"; };
		9B9D16FF1E642E19003DBF87 /* AppDelegate.m */ = {isa = PBXFileReference; lastKnownFileType = sourcecode.c.objc; path = AppDelegate.m; sourceTree = "<group>"; };
		9B9D17011E642E19003DBF87 /* ViewController.h */ = {isa = PBXFileReference; lastKnownFileType = sourcecode.c.h; path = ViewController.h; sourceTree = "<group>"; };
		9B9D17021E642E19003DBF87 /* ViewController.m */ = {isa = PBXFileReference; lastKnownFileType = sourcecode.c.objc; path = ViewController.m; sourceTree = "<group>"; };
		9B9D17071E642E19003DBF87 /* Assets.xcassets */ = {isa = PBXFileReference; lastKnownFileType = folder.assetcatalog; path = Assets.xcassets; sourceTree = "<group>"; };
		9B9D170A1E642E19003DBF87 /* Base */ = {isa = PBXFileReference; lastKnownFileType = file.storyboard; name = Base; path = Base.lproj/LaunchScreen.storyboard; sourceTree = "<group>"; };
		9B9D170C1E642E19003DBF87 /* Info.plist */ = {isa = PBXFileReference; lastKnownFileType = text.plist.xml; path = Info.plist; sourceTree = "<group>"; };
		A47EDCA8C471BCA37EDD9A20 /* Pods-Moon.debug.xcconfig */ = {isa = PBXFileReference; includeInIndex = 1; lastKnownFileType = text.xcconfig; name = "Pods-Moon.debug.xcconfig"; path = "Pods/Target Support Files/Pods-Moon/Pods-Moon.debug.xcconfig"; sourceTree = "<group>"; };
		D42D3E63BA84412F7A0DF905 /* Pods-Moon.release.xcconfig */ = {isa = PBXFileReference; includeInIndex = 1; lastKnownFileType = text.xcconfig; name = "Pods-Moon.release.xcconfig"; path = "Pods/Target Support Files/Pods-Moon/Pods-Moon.release.xcconfig"; sourceTree = "<group>"; };
		F1D68C67F9286D95B824C148 /* libPods-Moon.a */ = {isa = PBXFileReference; explicitFileType = archive.ar; includeInIndex = 0; path = "libPods-Moon.a"; sourceTree = BUILT_PRODUCTS_DIR; };
/* End PBXFileReference section */

/* Begin PBXFrameworksBuildPhase section */
		9B9D16F51E642E19003DBF87 /* Frameworks */ = {
			isa = PBXFrameworksBuildPhase;
			buildActionMask = 2147483647;
			files = (
				24F92DEAA03B985F0578B079 /* libPods-Moon.a in Frameworks */,
			);
			runOnlyForDeploymentPostprocessing = 0;
		};
/* End PBXFrameworksBuildPhase section */

/* Begin PBXGroup section */
		7210E8C9811E2E3CEC97A0D3 /* Pods */ = {
			isa = PBXGroup;
			children = (
				A47EDCA8C471BCA37EDD9A20 /* Pods-Moon.debug.xcconfig */,
				D42D3E63BA84412F7A0DF905 /* Pods-Moon.release.xcconfig */,
			);
			name = Pods;
			sourceTree = "<group>";
		};
		839B9C8906BE0A60B879E582 /* Frameworks */ = {
			isa = PBXGroup;
			children = (
				F1D68C67F9286D95B824C148 /* libPods-Moon.a */,
			);
			name = Frameworks;
			sourceTree = "<group>";
		};
		9B9D16EF1E642E19003DBF87 = {
			isa = PBXGroup;
			children = (
				9B9D16FA1E642E19003DBF87 /* Moon */,
				9B9D16F91E642E19003DBF87 /* Products */,
				7210E8C9811E2E3CEC97A0D3 /* Pods */,
				839B9C8906BE0A60B879E582 /* Frameworks */,
			);
			sourceTree = "<group>";
		};
		9B9D16F91E642E19003DBF87 /* Products */ = {
			isa = PBXGroup;
			children = (
				9B9D16F81E642E19003DBF87 /* Moon.app */,
			);
			name = Products;
			sourceTree = "<group>";
		};
		9B9D16FA1E642E19003DBF87 /* Moon */ = {
			isa = PBXGroup;
			children = (
				9B9D16FE1E642E19003DBF87 /* AppDelegate.h */,
				9B9D16FF1E642E19003DBF87 /* AppDelegate.m */,
				9B9D17011E642E19003DBF87 /* ViewController.h */,
				9B9D17021E642E19003DBF87 /* ViewController.m */,
				9B9D17071E642E19003DBF87 /* Assets.xcassets */,
				9B9D17091E642E19003DBF87 /* LaunchScreen.storyboard */,
				9B9D170C1E642E19003DBF87 /* Info.plist */,
				9B9D16FB1E642E19003DBF87 /* Supporting Files */,
			);
			path = Moon;
			sourceTree = "<group>";
		};
		9B9D16FB1E642E19003DBF87 /* Supporting Files */ = {
			isa = PBXGroup;
			children = (
				9B9D16FC1E642E19003DBF87 /* main.m */,
			);
			name = "Supporting Files";
			sourceTree = "<group>";
		};
/* End PBXGroup section */

/* Begin PBXNativeTarget section */
		9B9D16F71E642E19003DBF87 /* Moon */ = {
			isa = PBXNativeTarget;
			buildConfigurationList = 9B9D170F1E642E19003DBF87 /* Build configuration list for PBXNativeTarget "Moon" */;
			buildPhases = (
				5A8069F007965B6E21D4C712 /* [CP] Check Pods Manifest.lock */,
				9B9D16F41E642E19003DBF87 /* Sources */,
				9B9D16F51E642E19003DBF87 /* Frameworks */,
				9B9D16F61E642E19003DBF87 /* Resources */,
				377845A8228294083A36018A /* [CP] Embed Pods Frameworks */,
				F23C4C24E11610EE7A5B1D94 /* [CP] Copy Pods Resources */,
			);
			buildRules = (
			);
			dependencies = (
			);
			name = Moon;
			productName = Moon;
			productReference = 9B9D16F81E642E19003DBF87 /* Moon.app */;
			productType = "com.apple.product-type.application";
		};
/* End PBXNativeTarget section */

/* Begin PBXProject section */
		9B9D16F01E642E19003DBF87 /* Project object */ = {
			isa = PBXProject;
			attributes = {
				LastUpgradeCheck = 0820;
				ORGANIZATIONNAME = Joygo;
				TargetAttributes = {
					9B9D16F71E642E19003DBF87 = {
						CreatedOnToolsVersion = 8.2.1;
						DevelopmentTeam = 46WL95TSZ9;
						ProvisioningStyle = Automatic;
					};
				};
			};
			buildConfigurationList = 9B9D16F31E642E19003DBF87 /* Build configuration list for PBXProject "Moon" */;
			compatibilityVersion = "Xcode 3.2";
			developmentRegion = English;
			hasScannedForEncodings = 0;
			knownRegions = (
				en,
				Base,
			);
			mainGroup = 9B9D16EF1E642E19003DBF87;
			productRefGroup = 9B9D16F91E642E19003DBF87 /* Products */;
			projectDirPath = "";
			projectRoot = "";
			targets = (
				9B9D16F71E642E19003DBF87 /* Moon */,
			);
		};
/* End PBXProject section */

/* Begin PBXResourcesBuildPhase section */
		9B9D16F61E642E19003DBF87 /* Resources */ = {
			isa = PBXResourcesBuildPhase;
			buildActionMask = 2147483647;
			files = (
				9B9D170B1E642E19003DBF87 /* LaunchScreen.storyboard in Resources */,
				9B9D17081E642E19003DBF87 /* Assets.xcassets in Resources */,
			);
			runOnlyForDeploymentPostprocessing = 0;
		};
/* End PBXResourcesBuildPhase section */

/* Begin PBXShellScriptBuildPhase section */
		377845A8228294083A36018A /* [CP] Embed Pods Frameworks */ = {
			isa = PBXShellScriptBuildPhase;
			buildActionMask = 2147483647;
			files = (
			);
			inputPaths = (
			);
			name = "[CP] Embed Pods Frameworks";
			outputPaths = (
			);
			runOnlyForDeploymentPostprocessing = 0;
			shellPath = /bin/sh;
			shellScript = "\"${SRCROOT}/Pods/Target Support Files/Pods-Moon/Pods-Moon-frameworks.sh\"\n";
			showEnvVarsInLog = 0;
		};
		5A8069F007965B6E21D4C712 /* [CP] Check Pods Manifest.lock */ = {
			isa = PBXShellScriptBuildPhase;
			buildActionMask = 2147483647;
			files = (
			);
			inputPaths = (
			);
			name = "[CP] Check Pods Manifest.lock";
			outputPaths = (
			);
			runOnlyForDeploymentPostprocessing = 0;
			shellPath = /bin/sh;
			shellScript = "diff \"${PODS_ROOT}/../Podfile.lock\" \"${PODS_ROOT}/Manifest.lock\" > /dev/null\nif [ $? != 0 ] ; then\n    # print error to STDERR\n    echo \"error: The sandbox is not in sync with the Podfile.lock. Run 'pod install' or update your CocoaPods installation.\" >&2\n    exit 1\nfi\n";
			showEnvVarsInLog = 0;
		};
		F23C4C24E11610EE7A5B1D94 /* [CP] Copy Pods Resources */ = {
			isa = PBXShellScriptBuildPhase;
			buildActionMask = 2147483647;
			files = (
			);
			inputPaths = (
			);
			name = "[CP] Copy Pods Resources";
			outputPaths = (
			);
			runOnlyForDeploymentPostprocessing = 0;
			shellPath = /bin/sh;
			shellScript = "\"${SRCROOT}/Pods/Target Support Files/Pods-Moon/Pods-Moon-resources.sh\"\n";
			showEnvVarsInLog = 0;
		};
/* End PBXShellScriptBuildPhase section */

/* Begin PBXSourcesBuildPhase section */
		9B9D16F41E642E19003DBF87 /* Sources */ = {
			isa = PBXSourcesBuildPhase;
			buildActionMask = 2147483647;
			files = (
				9B9D17031E642E19003DBF87 /* ViewController.m in Sources */,
				9B9D17001E642E19003DBF87 /* AppDelegate.m in Sources */,
				9B9D16FD1E642E19003DBF87 /* main.m in Sources */,
			);
			runOnlyForDeploymentPostprocessing = 0;
		};
/* End PBXSourcesBuildPhase section */

/* Begin PBXVariantGroup section */
		9B9D17091E642E19003DBF87 /* LaunchScreen.storyboard */ = {
			isa = PBXVariantGroup;
			children = (
				9B9D170A1E642E19003DBF87 /* Base */,
			);
			name = LaunchScreen.storyboard;
			sourceTree = "<group>";
		};
/* End PBXVariantGroup section */

/* Begin XCBuildConfiguration section */
		9B9D170D1E642E19003DBF87 /* Debug */ = {
			isa = XCBuildConfiguration;
			buildSettings = {
				ALWAYS_SEARCH_USER_PATHS = NO;
				CLANG_ANALYZER_NONNULL = YES;
				CLANG_CXX_LANGUAGE_STANDARD = "gnu++0x";
				CLANG_CXX_LIBRARY = "libc++";
				CLANG_ENABLE_MODULES = YES;
				CLANG_ENABLE_OBJC_ARC = YES;
				CLANG_WARN_BOOL_CONVERSION = YES;
				CLANG_WARN_CONSTANT_CONVERSION = YES;
				CLANG_WARN_DIRECT_OBJC_ISA_USAGE = YES_ERROR;
				CLANG_WARN_DOCUMENTATION_COMMENTS = YES;
				CLANG_WARN_EMPTY_BODY = YES;
				CLANG_WARN_ENUM_CONVERSION = YES;
				CLANG_WARN_INFINITE_RECURSION = YES;
				CLANG_WARN_INT_CONVERSION = YES;
				CLANG_WARN_OBJC_ROOT_CLASS = YES_ERROR;
				CLANG_WARN_SUSPICIOUS_MOVE = YES;
				CLANG_WARN_UNREACHABLE_CODE = YES;
				CLANG_WARN__DUPLICATE_METHOD_MATCH = YES;
				"CODE_SIGN_IDENTITY[sdk=iphoneos*]" = "iPhone Developer";
				COPY_PHASE_STRIP = NO;
				DEBUG_INFORMATION_FORMAT = dwarf;
				ENABLE_STRICT_OBJC_MSGSEND = YES;
				ENABLE_TESTABILITY = YES;
				GCC_C_LANGUAGE_STANDARD = gnu99;
				GCC_DYNAMIC_NO_PIC = NO;
				GCC_NO_COMMON_BLOCKS = YES;
				GCC_OPTIMIZATION_LEVEL = 0;
				GCC_PREPROCESSOR_DEFINITIONS = (
					"DEBUG=1",
					"$(inherited)",
				);
				GCC_WARN_64_TO_32_BIT_CONVERSION = YES;
				GCC_WARN_ABOUT_RETURN_TYPE = YES_ERROR;
				GCC_WARN_UNDECLARED_SELECTOR = YES;
				GCC_WARN_UNINITIALIZED_AUTOS = YES_AGGRESSIVE;
				GCC_WARN_UNUSED_FUNCTION = YES;
				GCC_WARN_UNUSED_VARIABLE = YES;
				IPHONEOS_DEPLOYMENT_TARGET = 10.2;
				MTL_ENABLE_DEBUG_INFO = YES;
				ONLY_ACTIVE_ARCH = YES;
				SDKROOT = iphoneos;
			};
			name = Debug;
		};
		9B9D170E1E642E19003DBF87 /* Release */ = {
			isa = XCBuildConfiguration;
			buildSettings = {
				ALWAYS_SEARCH_USER_PATHS = NO;
				CLANG_ANALYZER_NONNULL = YES;
				CLANG_CXX_LANGUAGE_STANDARD = "gnu++0x";
				CLANG_CXX_LIBRARY = "libc++";
				CLANG_ENABLE_MODULES = YES;
				CLANG_ENABLE_OBJC_ARC = YES;
				CLANG_WARN_BOOL_CONVERSION = YES;
				CLANG_WARN_CONSTANT_CONVERSION = YES;
				CLANG_WARN_DIRECT_OBJC_ISA_USAGE = YES_ERROR;
				CLANG_WARN_DOCUMENTATION_COMMENTS = YES;
				CLANG_WARN_EMPTY_BODY = YES;
				CLANG_WARN_ENUM_CONVERSION = YES;
				CLANG_WARN_INFINITE_RECURSION = YES;
				CLANG_WARN_INT_CONVERSION = YES;
				CLANG_WARN_OBJC_ROOT_CLASS = YES_ERROR;
				CLANG_WARN_SUSPICIOUS_MOVE = YES;
				CLANG_WARN_UNREACHABLE_CODE = YES;
				CLANG_WARN__DUPLICATE_METHOD_MATCH = YES;
				"CODE_SIGN_IDENTITY[sdk=iphoneos*]" = "iPhone Developer";
				COPY_PHASE_STRIP = NO;
				DEBUG_INFORMATION_FORMAT = "dwarf-with-dsym";
				ENABLE_NS_ASSERTIONS = NO;
				ENABLE_STRICT_OBJC_MSGSEND = YES;
				GCC_C_LANGUAGE_STANDARD = gnu99;
				GCC_NO_COMMON_BLOCKS = YES;
				GCC_WARN_64_TO_32_BIT_CONVERSION = YES;
				GCC_WARN_ABOUT_RETURN_TYPE = YES_ERROR;
				GCC_WARN_UNDECLARED_SELECTOR = YES;
				GCC_WARN_UNINITIALIZED_AUTOS = YES_AGGRESSIVE;
				GCC_WARN_UNUSED_FUNCTION = YES;
				GCC_WARN_UNUSED_VARIABLE = YES;
				IPHONEOS_DEPLOYMENT_TARGET = 10.2;
				MTL_ENABLE_DEBUG_INFO = NO;
				SDKROOT = iphoneos;
				VALIDATE_PRODUCT = YES;
			};
			name = Release;
		};
		9B9D17101E642E19003DBF87 /* Debug */ = {
			isa = XCBuildConfiguration;
			baseConfigurationReference = A47EDCA8C471BCA37EDD9A20 /* Pods-Moon.debug.xcconfig */;
			buildSettings = {
				ASSETCATALOG_COMPILER_APPICON_NAME = AppIcon;
				DEVELOPMENT_TEAM = 46WL95TSZ9;
				ENABLE_BITCODE = NO;
				FRAMEWORK_SEARCH_PATHS = "$(inherited)";
				INFOPLIST_FILE = Moon/Info.plist;
				IPHONEOS_DEPLOYMENT_TARGET = 9.3;
				LD_RUNPATH_SEARCH_PATHS = "$(inherited) @executable_path/Frameworks";
				LIBRARY_SEARCH_PATHS = "$(inherited)";
				PRODUCT_BUNDLE_IDENTIFIER = com.joygo.Moon;
				PRODUCT_NAME = "$(TARGET_NAME)";
				TARGETED_DEVICE_FAMILY = 1;
			};
			name = Debug;
		};
		9B9D17111E642E19003DBF87 /* Release */ = {
			isa = XCBuildConfiguration;
			baseConfigurationReference = D42D3E63BA84412F7A0DF905 /* Pods-Moon.release.xcconfig */;
			buildSettings = {
				ASSETCATALOG_COMPILER_APPICON_NAME = AppIcon;
				DEVELOPMENT_TEAM = 46WL95TSZ9;
				ENABLE_BITCODE = NO;
				FRAMEWORK_SEARCH_PATHS = "$(inherited)";
				INFOPLIST_FILE = Moon/Info.plist;
				IPHONEOS_DEPLOYMENT_TARGET = 9.3;
				LD_RUNPATH_SEARCH_PATHS = "$(inherited) @executable_path/Frameworks";
				LIBRARY_SEARCH_PATHS = "$(inherited)";
				PRODUCT_BUNDLE_IDENTIFIER = com.joygo.Moon;
				PRODUCT_NAME = "$(TARGET_NAME)";
				TARGETED_DEVICE_FAMILY = 1;
			};
			name = Release;
		};
/* End XCBuildConfiguration section */

/* Begin XCConfigurationList section */
		9B9D16F31E642E19003DBF87 /* Build configuration list for PBXProject "Moon" */ = {
			isa = XCConfigurationList;
			buildConfigurations = (
				9B9D170D1E642E19003DBF87 /* Debug */,
				9B9D170E1E642E19003DBF87 /* Release */,
			);
			defaultConfigurationIsVisible = 0;
			defaultConfigurationName = Release;
		};
		9B9D170F1E642E19003DBF87 /* Build configuration list for PBXNativeTarget "Moon" */ = {
			isa = XCConfigurationList;
			buildConfigurations = (
				9B9D17101E642E19003DBF87 /* Debug */,
				9B9D17111E642E19003DBF87 /* Release */,
			);
			defaultConfigurationIsVisible = 0;
			defaultConfigurationName = Release;
		};
/* End XCConfigurationList section */
	};
	rootObject = 9B9D16F01E642E19003DBF87 /* Project object */;
}
